// !$*UTF8*$!
{
	archiveVersion = 1;
	classes = {
	};
	objectVersion = 46;
	objects = {

/* Begin PBXBuildFile section */
		49389B311BAF9CD400E8B05D /* main.m in Sources */ = {isa = PBXBuildFile; fileRef = 49389B301BAF9CD400E8B05D /* main.m */; };
		49389B341BAF9CD400E8B05D /* AppDelegate.m in Sources */ = {isa = PBXBuildFile; fileRef = 49389B331BAF9CD400E8B05D /* AppDelegate.m */; };
		49389B371BAF9CD400E8B05D /* ViewController.m in Sources */ = {isa = PBXBuildFile; fileRef = 49389B361BAF9CD400E8B05D /* ViewController.m */; };
		49389B3A1BAF9CD400E8B05D /* Main.storyboard in Resources */ = {isa = PBXBuildFile; fileRef = 49389B381BAF9CD400E8B05D /* Main.storyboard */; };
		49389B3C1BAF9CD400E8B05D /* Assets.xcassets in Resources */ = {isa = PBXBuildFile; fileRef = 49389B3B1BAF9CD400E8B05D /* Assets.xcassets */; };
		49389B3F1BAF9CD400E8B05D /* LaunchScreen.storyboard in Resources */ = {isa = PBXBuildFile; fileRef = 49389B3D1BAF9CD400E8B05D /* LaunchScreen.storyboard */; };
		49389B4D1BB0AC0A00E8B05D /* SettingsViewController.m in Sources */ = {isa = PBXBuildFile; fileRef = 49389B4C1BB0AC0A00E8B05D /* SettingsViewController.m */; settings = {ASSET_TAGS = (); }; };
/* End PBXBuildFile section */

/* Begin PBXFileReference section */
		49389B2C1BAF9CD400E8B05D /* Tipper.app */ = {isa = PBXFileReference; explicitFileType = wrapper.application; includeInIndex = 0; path = Tipper.app; sourceTree = BUILT_PRODUCTS_DIR; };
		49389B301BAF9CD400E8B05D /* main.m */ = {isa = PBXFileReference; lastKnownFileType = sourcecode.c.objc; path = main.m; sourceTree = "<group>"; };
		49389B321BAF9CD400E8B05D /* AppDelegate.h */ = {isa = PBXFileReference; lastKnownFileType = sourcecode.c.h; path = AppDelegate.h; sourceTree = "<group>"; };
		49389B331BAF9CD400E8B05D /* AppDelegate.m */ = {isa = PBXFileReference; lastKnownFileType = sourcecode.c.objc; path = AppDelegate.m; sourceTree = "<group>"; };
		49389B351BAF9CD400E8B05D /* ViewController.h */ = {isa = PBXFileReference; lastKnownFileType = sourcecode.c.h; path = ViewController.h; sourceTree = "<group>"; };
		49389B361BAF9CD400E8B05D /* ViewController.m */ = {isa = PBXFileReference; lastKnownFileType = sourcecode.c.objc; path = ViewController.m; sourceTree = "<group>"; };
		49389B391BAF9CD400E8B05D /* Base */ = {isa = PBXFileReference; lastKnownFileType = file.storyboard; name = Base; path = Base.lproj/Main.storyboard; sourceTree = "<group>"; };
		49389B3B1BAF9CD400E8B05D /* Assets.xcassets */ = {isa = PBXFileReference; lastKnownFileType = folder.assetcatalog; path = Assets.xcassets; sourceTree = "<group>"; };
		49389B3E1BAF9CD400E8B05D /* Base */ = {isa = PBXFileReference; lastKnownFileType = file.storyboard; name = Base; path = Base.lproj/LaunchScreen.storyboard; sourceTree = "<group>"; };
		49389B401BAF9CD400E8B05D /* Info.plist */ = {isa = PBXFileReference; lastKnownFileType = text.plist.xml; path = Info.plist; sourceTree = "<group>"; };
		49389B4B1BB0AC0A00E8B05D /* SettingsViewController.h */ = {isa = PBXFileReference; fileEncoding = 4; lastKnownFileType = sourcecode.c.h; path = SettingsViewController.h; sourceTree = "<group>"; };
		49389B4C1BB0AC0A00E8B05D /* SettingsViewController.m */ = {isa = PBXFileReference; fileEncoding = 4; lastKnownFileType = sourcecode.c.objc; path = SettingsViewController.m; sourceTree = "<group>"; };
/* End PBXFileReference section */

/* Begin PBXFrameworksBuildPhase section */
		49389B291BAF9CD400E8B05D /* Frameworks */ = {
			isa = PBXFrameworksBuildPhase;
			buildActionMask = 2147483647;
			files = (
			);
			runOnlyForDeploymentPostprocessing = 0;
		};
/* End PBXFrameworksBuildPhase section */

/* Begin PBXGroup section */
		49389B231BAF9CD300E8B05D = {
			isa = PBXGroup;
			children = (
				49389B2E1BAF9CD400E8B05D /* tipper */,
				49389B2D1BAF9CD400E8B05D /* Products */,
			);
			sourceTree = "<group>";
		};
		49389B2D1BAF9CD400E8B05D /* Products */ = {
			isa = PBXGroup;
			children = (
				49389B2C1BAF9CD400E8B05D /* Tipper.app */,
			);
			name = Products;
			sourceTree = "<group>";
		};
		49389B2E1BAF9CD400E8B05D /* tipper */ = {
			isa = PBXGroup;
			children = (
				49389B321BAF9CD400E8B05D /* AppDelegate.h */,
				49389B331BAF9CD400E8B05D /* AppDelegate.m */,
				49389B351BAF9CD400E8B05D /* ViewController.h */,
				49389B361BAF9CD400E8B05D /* ViewController.m */,
				49389B4B1BB0AC0A00E8B05D /* SettingsViewController.h */,
				49389B4C1BB0AC0A00E8B05D /* SettingsViewController.m */,
				49389B381BAF9CD400E8B05D /* Main.storyboard */,
				49389B3B1BAF9CD400E8B05D /* Assets.xcassets */,
				49389B3D1BAF9CD400E8B05D /* LaunchScreen.storyboard */,
				49389B401BAF9CD400E8B05D /* Info.plist */,
				49389B2F1BAF9CD400E8B05D /* Supporting Files */,
			);
			name = tipper;
			path = tipcalculator;
			sourceTree = "<group>";
		};
		49389B2F1BAF9CD400E8B05D /* Supporting Files */ = {
			isa = PBXGroup;
			children = (
				49389B301BAF9CD400E8B05D /* main.m */,
			);
			name = "Supporting Files";
			sourceTree = "<group>";
		};
/* End PBXGroup section */

/* Begin PBXNativeTarget section */
		49389B2B1BAF9CD400E8B05D /* Tipper */ = {
			isa = PBXNativeTarget;
			buildConfigurationList = 49389B431BAF9CD400E8B05D /* Build configuration list for PBXNativeTarget "Tipper" */;
			buildPhases = (
				49389B281BAF9CD400E8B05D /* Sources */,
				49389B291BAF9CD400E8B05D /* Frameworks */,
				49389B2A1BAF9CD400E8B05D /* Resources */,
			);
			buildRules = (
			);
			dependencies = (
			);
			name = Tipper;
			productName = tipcalculator;
			productReference = 49389B2C1BAF9CD400E8B05D /* Tipper.app */;
			productType = "com.apple.product-type.application";
		};
/* End PBXNativeTarget section */

/* Begin PBXProject section */
		49389B241BAF9CD300E8B05D /* Project object */ = {
			isa = PBXProject;
			attributes = {
				LastUpgradeCheck = 0700;
				ORGANIZATIONNAME = "Chang Liu";
				TargetAttributes = {
					49389B2B1BAF9CD400E8B05D = {
						CreatedOnToolsVersion = 7.0;
					};
				};
			};
			buildConfigurationList = 49389B271BAF9CD300E8B05D /* Build configuration list for PBXProject "Tipper" */;
			compatibilityVersion = "Xcode 3.2";
			developmentRegion = English;
			hasScannedForEncodings = 0;
			knownRegions = (
				en,
				Base,
			);
			mainGroup = 49389B231BAF9CD300E8B05D;
			productRefGroup = 49389B2D1BAF9CD400E8B05D /* Products */;
			projectDirPath = "";
			projectRoot = "";
			targets = (
				49389B2B1BAF9CD400E8B05D /* Tipper */,
			);
		};
/* End PBXProject section */

/* Begin PBXResourcesBuildPhase section */
		49389B2A1BAF9CD400E8B05D /* Resources */ = {
			isa = PBXResourcesBuildPhase;
			buildActionMask = 2147483647;
			files = (
				49389B3F1BAF9CD400E8B05D /* LaunchScreen.storyboard in Resources */,
				49389B3C1BAF9CD400E8B05D /* Assets.xcassets in Resources */,
				49389B3A1BAF9CD400E8B05D /* Main.storyboard in Resources */,
			);
			runOnlyForDeploymentPostprocessing = 0;
		};
/* End PBXResourcesBuildPhase section */

/* Begin PBXSourcesBuildPhase section */
		49389B281BAF9CD400E8B05D /* Sources */ = {
			isa = PBXSourcesBuildPhase;
			buildActionMask = 2147483647;
			files = (
				49389B371BAF9CD400E8B05D /* ViewController.m in Sources */,
				49389B341BAF9CD400E8B05D /* AppDelegate.m in Sources */,
				49389B311BAF9CD400E8B05D /* main.m in Sources */,
				49389B4D1BB0AC0A00E8B05D /* SettingsViewController.m in Sources */,
			);
			runOnlyForDeploymentPostprocessing = 0;
		};
/* End PBXSourcesBuildPhase section */

/* Begin PBXVariantGroup section */
		49389B381BAF9CD400E8B05D /* Main.storyboard */ = {
			isa = PBXVariantGroup;
			children = (
				49389B391BAF9CD400E8B05D /* Base */,
			);
			name = Main.storyboard;
			sourceTree = "<group>";
		};
		49389B3D1BAF9CD400E8B05D /* LaunchScreen.storyboard */ = {
			isa = PBXVariantGroup;
			children = (
				49389B3E1BAF9CD400E8B05D /* Base */,
			);
			name = LaunchScreen.storyboard;
			sourceTree = "<group>";
		};
/* End PBXVariantGroup section */

/* Begin XCBuildConfiguration section */
		49389B411BAF9CD400E8B05D /* Debug */ = {
			isa = XCBuildConfiguration;
			buildSettings = {
				ALWAYS_SEARCH_USER_PATHS = NO;
				CLANG_CXX_LANGUAGE_STANDARD = "gnu++0x";
				CLANG_CXX_LIBRARY = "libc++";
				CLANG_ENABLE_MODULES = YES;
				CLANG_ENABLE_OBJC_ARC = YES;
				CLANG_WARN_BOOL_CONVERSION = YES;
				CLANG_WARN_CONSTANT_CONVERSION = YES;
				CLANG_WARN_DIRECT_OBJC_ISA_USAGE = YES_ERROR;
				CLANG_WARN_EMPTY_BODY = YES;
				CLANG_WARN_ENUM_CONVERSION = YES;
				CLANG_WARN_INT_CONVERSION = YES;
				CLANG_WARN_OBJC_ROOT_CLASS = YES_ERROR;
				CLANG_WARN_UNREACHABLE_CODE = YES;
				CLANG_WARN__DUPLICATE_METHOD_MATCH = YES;
				"CODE_SIGN_IDENTITY[sdk=iphoneos*]" = "iPhone Developer";
				COPY_PHASE_STRIP = NO;
				DEBUG_INFORMATION_FORMAT = dwarf;
				ENABLE_STRICT_OBJC_MSGSEND = YES;
				ENABLE_TESTABILITY = YES;
				GCC_C_LANGUAGE_STANDARD = gnu99;
				GCC_DYNAMIC_NO_PIC = NO;
				GCC_NO_COMMON_BLOCKS = YES;
				GCC_OPTIMIZATION_LEVEL = 0;
				GCC_PREPROCESSOR_DEFINITIONS = (
					"DEBUG=1",
					"$(inherited)",
				);
				GCC_WARN_64_TO_32_BIT_CONVERSION = YES;
				GCC_WARN_ABOUT_RETURN_TYPE = YES_ERROR;
				GCC_WARN_UNDECLARED_SELECTOR = YES;
				GCC_WARN_UNINITIALIZED_AUTOS = YES_AGGRESSIVE;
				GCC_WARN_UNUSED_FUNCTION = YES;
				GCC_WARN_UNUSED_VARIABLE = YES;
				IPHONEOS_DEPLOYMENT_TARGET = 9.0;
				MTL_ENABLE_DEBUG_INFO = YES;
				ONLY_ACTIVE_ARCH = YES;
				SDKROOT = iphoneos;
			};
			name = Debug;
		};
		49389B421BAF9CD400E8B05D /* Release */ = {
			isa = XCBuildConfiguration;
			buildSettings = {
				ALWAYS_SEARCH_USER_PATHS = NO;
				CLANG_CXX_LANGUAGE_STANDARD = "gnu++0x";
				CLANG_CXX_LIBRARY = "libc++";
				CLANG_ENABLE_MODULES = YES;
				CLANG_ENABLE_OBJC_ARC = YES;
				CLANG_WARN_BOOL_CONVERSION = YES;
				CLANG_WARN_CONSTANT_CONVERSION = YES;
				CLANG_WARN_DIRECT_OBJC_ISA_USAGE = YES_ERROR;
				CLANG_WARN_EMPTY_BODY = YES;
				CLANG_WARN_ENUM_CONVERSION = YES;
				CLANG_WARN_INT_CONVERSION = YES;
				CLANG_WARN_OBJC_ROOT_CLASS = YES_ERROR;
				CLANG_WARN_UNREACHABLE_CODE = YES;
				CLANG_WARN__DUPLICATE_METHOD_MATCH = YES;
				"CODE_SIGN_IDENTITY[sdk=iphoneos*]" = "iPhone Developer";
				COPY_PHASE_STRIP = NO;
				DEBUG_INFORMATION_FORMAT = "dwarf-with-dsym";
				ENABLE_NS_ASSERTIONS = NO;
				ENABLE_STRICT_OBJC_MSGSEND = YES;
				GCC_C_LANGUAGE_STANDARD = gnu99;
				GCC_NO_COMMON_BLOCKS = YES;
				GCC_WARN_64_TO_32_BIT_CONVERSION = YES;
				GCC_WARN_ABOUT_RETURN_TYPE = YES_ERROR;
				GCC_WARN_UNDECLARED_SELECTOR = YES;
				GCC_WARN_UNINITIALIZED_AUTOS = YES_AGGRESSIVE;
				GCC_WARN_UNUSED_FUNCTION = YES;
				GCC_WARN_UNUSED_VARIABLE = YES;
				IPHONEOS_DEPLOYMENT_TARGET = 9.0;
				MTL_ENABLE_DEBUG_INFO = NO;
				SDKROOT = iphoneos;
				VALIDATE_PRODUCT = YES;
			};
			name = Release;
		};
		49389B441BAF9CD400E8B05D /* Debug */ = {
			isa = XCBuildConfiguration;
			buildSettings = {
				ASSETCATALOG_COMPILER_APPICON_NAME = AppIcon;
				INFOPLIST_FILE = tipcalculator/Info.plist;
				LD_RUNPATH_SEARCH_PATHS = "$(inherited) @executable_path/Frameworks";
				PRODUCT_BUNDLE_IDENTIFIER = com.ngliu.tipper;
				PRODUCT_NAME = Tipper;
			};
			name = Debug;
		};
		49389B451BAF9CD400E8B05D /* Release */ = {
			isa = XCBuildConfiguration;
			buildSettings = {
				ASSETCATALOG_COMPILER_APPICON_NAME = AppIcon;
				INFOPLIST_FILE = tipcalculator/Info.plist;
				LD_RUNPATH_SEARCH_PATHS = "$(inherited) @executable_path/Frameworks";
				PRODUCT_BUNDLE_IDENTIFIER = com.ngliu.tipper;
				PRODUCT_NAME = Tipper;
			};
			name = Release;
		};
/* End XCBuildConfiguration section */

/* Begin XCConfigurationList section */
		49389B271BAF9CD300E8B05D /* Build configuration list for PBXProject "Tipper" */ = {
			isa = XCConfigurationList;
			buildConfigurations = (
				49389B411BAF9CD400E8B05D /* Debug */,
				49389B421BAF9CD400E8B05D /* Release */,
			);
			defaultConfigurationIsVisible = 0;
			defaultConfigurationName = Release;
		};
		49389B431BAF9CD400E8B05D /* Build configuration list for PBXNativeTarget "Tipper" */ = {
			isa = XCConfigurationList;
			buildConfigurations = (
				49389B441BAF9CD400E8B05D /* Debug */,
				49389B451BAF9CD400E8B05D /* Release */,
			);
			defaultConfigurationIsVisible = 0;
			defaultConfigurationName = Release;
		};
/* End XCConfigurationList section */
	};
	rootObject = 49389B241BAF9CD300E8B05D /* Project object */;
}
